
Microsoft Visual Studio Solution File, Format Version 12.00
# Visual Studio Version 16
VisualStudioVersion = 16.0.31702.278
MinimumVisualStudioVersion = 10.0.40219.1
Project("{FAE04EC0-301F-11D3-BF4B-00C04F79EFBC}") = "Movies.API", "Movies.API\Movies.API.csproj", "{54E2FAFA-C267-4813-97C5-1995571CBD79}"
EndProject
Global
	GlobalSection(SolutionConfigurationPlatforms) = preSolution
		Debug|Any CPU = Debug|Any CPU
		Release|Any CPU = Release|Any CPU
	EndGlobalSection
	GlobalSection(ProjectConfigurationPlatforms) = postSolution
		{54E2FAFA-C267-4813-97C5-1995571CBD79}.Debug|Any CPU.ActiveCfg = Debug|Any CPU
		{54E2FAFA-C267-4813-97C5-1995571CBD79}.Debug|Any CPU.Build.0 = Debug|Any CPU
		{54E2FAFA-C267-4813-97C5-1995571CBD79}.Release|Any CPU.ActiveCfg = Release|Any CPU
		{54E2FAFA-C267-4813-97C5-1995571CBD79}.Release|Any CPU.Build.0 = Release|Any CPU
	EndGlobalSection
	GlobalSection(SolutionProperties) = preSolution
		HideSolutionNode = FALSE
	EndGlobalSection
	GlobalSection(ExtensibilityGlobals) = postSolution
		SolutionGuid = {982850CD-1807-49C4-A737-27C72A7E3EAD}
	EndGlobalSection
EndGlobal
